
Microsoft Visual Studio Solution File, Format Version 12.00
# Visual Studio Version 16
VisualStudioVersion = 16.0.30309.148
MinimumVisualStudioVersion = 10.0.40219.1
Project("{FAE04EC0-301F-11D3-BF4B-00C04F79EFBC}") = "BettingHouse", "BettingHouse\BettingHouse.csproj", "{69CA4071-4777-4506-A366-E3D79F1E0CAA}"
EndProject
Global
	GlobalSection(SolutionConfigurationPlatforms) = preSolution
		Debug|Any CPU = Debug|Any CPU
		Release|Any CPU = Release|Any CPU
	EndGlobalSection
	GlobalSection(ProjectConfigurationPlatforms) = postSolution
		{69CA4071-4777-4506-A366-E3D79F1E0CAA}.Debug|Any CPU.ActiveCfg = Debug|Any CPU
		{69CA4071-4777-4506-A366-E3D79F1E0CAA}.Debug|Any CPU.Build.0 = Debug|Any CPU
		{69CA4071-4777-4506-A366-E3D79F1E0CAA}.Release|Any CPU.ActiveCfg = Release|Any CPU
		{69CA4071-4777-4506-A366-E3D79F1E0CAA}.Release|Any CPU.Build.0 = Release|Any CPU
	EndGlobalSection
	GlobalSection(SolutionProperties) = preSolution
		HideSolutionNode = FALSE
	EndGlobalSection
	GlobalSection(ExtensibilityGlobals) = postSolution
		SolutionGuid = {F015E296-25E9-495C-8CD1-0625551E195D}
	EndGlobalSection
EndGlobal
